
Microsoft Visual Studio Solution File, Format Version 12.00
# Visual Studio Version 17
VisualStudioVersion = 17.11.35303.130
MinimumVisualStudioVersion = 10.0.40219.1
Project("{2150E333-8FDC-42A3-9474-1A3956D46DE8}") = "Task0", "Task0", "{A133A7B1-12A2-4ACA-B65C-CBAE5BFEE84C}"
EndProject
Project("{FAE04EC0-301F-11D3-BF4B-00C04F79EFBC}") = "Tyuiu.LarionovAL.Sprint0.Task0.V0", "Tyuiu.LarionovAL.Sprint0.Task0.V0\Tyuiu.LarionovAL.Sprint0.Task0.V0.csproj", "{585C99F1-3C71-468D-85F1-102D4729B3BC}"
EndProject
Global
	GlobalSection(SolutionConfigurationPlatforms) = preSolution
		Debug|Any CPU = Debug|Any CPU
		Release|Any CPU = Release|Any CPU
	EndGlobalSection
	GlobalSection(ProjectConfigurationPlatforms) = postSolution
		{585C99F1-3C71-468D-85F1-102D4729B3BC}.Debug|Any CPU.ActiveCfg = Debug|Any CPU
		{585C99F1-3C71-468D-85F1-102D4729B3BC}.Debug|Any CPU.Build.0 = Debug|Any CPU
		{585C99F1-3C71-468D-85F1-102D4729B3BC}.Release|Any CPU.ActiveCfg = Release|Any CPU
		{585C99F1-3C71-468D-85F1-102D4729B3BC}.Release|Any CPU.Build.0 = Release|Any CPU
	EndGlobalSection
	GlobalSection(SolutionProperties) = preSolution
		HideSolutionNode = FALSE
	EndGlobalSection
	GlobalSection(NestedProjects) = preSolution
		{585C99F1-3C71-468D-85F1-102D4729B3BC} = {A133A7B1-12A2-4ACA-B65C-CBAE5BFEE84C}
	EndGlobalSection
	GlobalSection(ExtensibilityGlobals) = postSolution
		SolutionGuid = {8992A6CA-4B81-4CF7-9D1D-7D695FCA708E}
	EndGlobalSection
EndGlobal
